{
  "name": "@netcreaties/ngx-smart-banner",
  "version": "1.0.0",
  "lockfileVersion": 1,
  "requires": true,
  "dependencies": {
    "ngx-cookie-service": {
      "version": "3.0.4",
      "resolved": "https://registry.npmjs.org/ngx-cookie-service/-/ngx-cookie-service-3.0.4.tgz",
      "integrity": "sha512-g4KHpCWL2EtKatWqn8lz/DdyMQO8sDS7BNwCSvxF1ETTW5DPJnbdEwCjSdm84MmfqBh6JdgvoQd//rOxH5EbgQ==",
      "dev": true
    },
    "tslib": {
      "version": "1.13.0",
      "resolved": "https://registry.npmjs.org/tslib/-/tslib-1.13.0.tgz",
      "integrity": "sha512-i/6DQjL8Xf3be4K/E6Wgpekn5Qasl1usyw++dAA35Ue5orEn65VIxOA+YvNNl9HV3qv70T7CNwjODHZrLwvd1Q=="
    }
  }
}
